{
  "name": "@aldinh777/reactive-cml",
  "version": "0.10.11",
  "lockfileVersion": 2,
  "requires": true,
  "packages": {
    "": {
      "name": "@aldinh777/reactive-cml",
      "version": "0.10.11",
      "license": "ISC",
      "dependencies": {
        "@aldinh777/cml-parser": "^0.5.2"
      },
      "devDependencies": {
        "@aldinh777/reactive": "^0.25.0",
        "@types/node": "^18.7.14",
        "typescript": "^4.7.4"
      }
    },
    "node_modules/@aldinh777/cml-parser": {
      "version": "0.5.2",
      "resolved": "https://registry.npmjs.org/@aldinh777/cml-parser/-/cml-parser-0.5.2.tgz",
      "integrity": "sha512-0VIvsk/0JnR931hpSyXA6JjL7a3EfDncRrAIGuMrM7AmNkmvBtNYJ1c+F/v5PEZJnCPdHK3A87j8z93yLYAKkA=="
    },
    "node_modules/@aldinh777/reactive": {
      "version": "0.25.0",
      "resolved": "https://registry.npmjs.org/@aldinh777/reactive/-/reactive-0.25.0.tgz",
      "integrity": "sha512-efZJJeajXv9dIaiMhpuSl1vzuEp1WYj27Lah0dksefrHLiK28wAkU9L0bhshaZ5MKS9jnpwTwxpphzkl/pOX4g==",
      "dev": true
    },
    "node_modules/@types/node": {
      "version": "18.7.14",
      "resolved": "https://registry.npmjs.org/@types/node/-/node-18.7.14.tgz",
      "integrity": "sha512-6bbDaETVi8oyIARulOE9qF1/Qdi/23z6emrUh0fNJRUmjznqrixD4MpGDdgOFk5Xb0m2H6Xu42JGdvAxaJR/wA==",
      "dev": true
    },
    "node_modules/typescript": {
      "version": "4.7.4",
      "resolved": "https://registry.npmjs.org/typescript/-/typescript-4.7.4.tgz",
      "integrity": "sha512-C0WQT0gezHuw6AdY1M2jxUO83Rjf0HP7Sk1DtXj6j1EwkQNZrHAg2XPWlq62oqEhYvONq5pkC2Y9oPljWToLmQ==",
      "dev": true,
      "bin": {
        "tsc": "bin/tsc",
        "tsserver": "bin/tsserver"
      },
      "engines": {
        "node": ">=4.2.0"
      }
    }
  },
  "dependencies": {
    "@aldinh777/cml-parser": {
      "version": "0.5.2",
      "resolved": "https://registry.npmjs.org/@aldinh777/cml-parser/-/cml-parser-0.5.2.tgz",
      "integrity": "sha512-0VIvsk/0JnR931hpSyXA6JjL7a3EfDncRrAIGuMrM7AmNkmvBtNYJ1c+F/v5PEZJnCPdHK3A87j8z93yLYAKkA=="
    },
    "@aldinh777/reactive": {
      "version": "0.25.0",
      "resolved": "https://registry.npmjs.org/@aldinh777/reactive/-/reactive-0.25.0.tgz",
      "integrity": "sha512-efZJJeajXv9dIaiMhpuSl1vzuEp1WYj27Lah0dksefrHLiK28wAkU9L0bhshaZ5MKS9jnpwTwxpphzkl/pOX4g==",
      "dev": true
    },
    "@types/node": {
      "version": "18.7.14",
      "resolved": "https://registry.npmjs.org/@types/node/-/node-18.7.14.tgz",
      "integrity": "sha512-6bbDaETVi8oyIARulOE9qF1/Qdi/23z6emrUh0fNJRUmjznqrixD4MpGDdgOFk5Xb0m2H6Xu42JGdvAxaJR/wA==",
      "dev": true
    },
    "typescript": {
      "version": "4.7.4",
      "resolved": "https://registry.npmjs.org/typescript/-/typescript-4.7.4.tgz",
      "integrity": "sha512-C0WQT0gezHuw6AdY1M2jxUO83Rjf0HP7Sk1DtXj6j1EwkQNZrHAg2XPWlq62oqEhYvONq5pkC2Y9oPljWToLmQ==",
      "dev": true
    }
  }
}
